// !$*UTF8*$!
{
	archiveVersion = 1;
	classes = {
	};
	objectVersion = 55;
	objects = {

/* Begin PBXBuildFile section */
		90D0F257B74FFD4CCC58D263 /* Pods_elecCarChareInfo.framework in Frameworks */ = {isa = PBXBuildFile; fileRef = 82B10FF017DD9C1C2204F5B5 /* Pods_elecCarChareInfo.framework */; };
		F522B78928A8D4E000054965 /* MapKit.framework in Frameworks */ = {isa = PBXBuildFile; fileRef = F522B78828A8D4E000054965 /* MapKit.framework */; };
		F522B78B28A8E0E100054965 /* ChargeStnAnnotationView.swift in Sources */ = {isa = PBXBuildFile; fileRef = F522B78A28A8E0E100054965 /* ChargeStnAnnotationView.swift */; };
		F522B78E28A9388D00054965 /* ChargeAnnotation.swift in Sources */ = {isa = PBXBuildFile; fileRef = F522B78D28A9388D00054965 /* ChargeAnnotation.swift */; };
		F522B79128A93AEB00054965 /* ChargeAnnotationView.swift in Sources */ = {isa = PBXBuildFile; fileRef = F522B79028A93AEB00054965 /* ChargeAnnotationView.swift */; };
		F56BA8BA28A4DA2300515185 /* AppDelegate.swift in Sources */ = {isa = PBXBuildFile; fileRef = F56BA8B928A4DA2300515185 /* AppDelegate.swift */; };
		F56BA8BC28A4DA2300515185 /* SceneDelegate.swift in Sources */ = {isa = PBXBuildFile; fileRef = F56BA8BB28A4DA2300515185 /* SceneDelegate.swift */; };
		F56BA8C128A4DA2300515185 /* Main.storyboard in Resources */ = {isa = PBXBuildFile; fileRef = F56BA8BF28A4DA2300515185 /* Main.storyboard */; };
		F56BA8C328A4DA2300515185 /* Assets.xcassets in Resources */ = {isa = PBXBuildFile; fileRef = F56BA8C228A4DA2300515185 /* Assets.xcassets */; };
		F56BA8C628A4DA2300515185 /* LaunchScreen.storyboard in Resources */ = {isa = PBXBuildFile; fileRef = F56BA8C428A4DA2300515185 /* LaunchScreen.storyboard */; };
		F56BA8D128A4EB5A00515185 /* ChargeStationViewController.swift in Sources */ = {isa = PBXBuildFile; fileRef = F56BA8D028A4EB5A00515185 /* ChargeStationViewController.swift */; };
		F56BA8D428A4EC2600515185 /* ChargeStationModel.swift in Sources */ = {isa = PBXBuildFile; fileRef = F56BA8D328A4EC2600515185 /* ChargeStationModel.swift */; };
		F56BA8D628A4ED7100515185 /* GoogleService-Info-2.plist in Resources */ = {isa = PBXBuildFile; fileRef = F56BA8D528A4ED7100515185 /* GoogleService-Info-2.plist */; };
		F56BA8DA28A5E78200515185 /* OptionsCollectionViewCell.swift in Sources */ = {isa = PBXBuildFile; fileRef = F56BA8D928A5E78200515185 /* OptionsCollectionViewCell.swift */; };
		F56BA8E228A5ED5A00515185 /* User.swift in Sources */ = {isa = PBXBuildFile; fileRef = F56BA8E128A5ED5A00515185 /* User.swift */; };
		F5BD06CD28AC7C64001DF85F /* ShowRouteViewController.swift in Sources */ = {isa = PBXBuildFile; fileRef = F5BD06CC28AC7C64001DF85F /* ShowRouteViewController.swift */; };
		F5BD06CF28AC863F001DF85F /* ChargeStnInfoViewController.swift in Sources */ = {isa = PBXBuildFile; fileRef = F5BD06CE28AC863F001DF85F /* ChargeStnInfoViewController.swift */; };
		F5BD06D128AC8F4F001DF85F /* FilterTableViewController.swift in Sources */ = {isa = PBXBuildFile; fileRef = F5BD06D028AC8F4F001DF85F /* FilterTableViewController.swift */; };
		F5C4186128AA04E500BFBD96 /* UIButton+Extension.swift in Sources */ = {isa = PBXBuildFile; fileRef = F5C4186028AA04E500BFBD96 /* UIButton+Extension.swift */; };
		F5C4186328AA088600BFBD96 /* UIViewController+Alert.swift in Sources */ = {isa = PBXBuildFile; fileRef = F5C4186228AA088600BFBD96 /* UIViewController+Alert.swift */; };
		F5C4186528AA273700BFBD96 /* ChargeTypeTableViewCell.swift in Sources */ = {isa = PBXBuildFile; fileRef = F5C4186428AA273700BFBD96 /* ChargeTypeTableViewCell.swift */; };
		F5C4186728AA276300BFBD96 /* CarTypeTableViewCell.swift in Sources */ = {isa = PBXBuildFile; fileRef = F5C4186628AA276300BFBD96 /* CarTypeTableViewCell.swift */; };
/* End PBXBuildFile section */

/* Begin PBXFileReference section */
		7F3569E76FCF2F149DD2F343 /* Pods-elecCarChareInfo.debug.xcconfig */ = {isa = PBXFileReference; includeInIndex = 1; lastKnownFileType = text.xcconfig; name = "Pods-elecCarChareInfo.debug.xcconfig"; path = "Target Support Files/Pods-elecCarChareInfo/Pods-elecCarChareInfo.debug.xcconfig"; sourceTree = "<group>"; };
		82B10FF017DD9C1C2204F5B5 /* Pods_elecCarChareInfo.framework */ = {isa = PBXFileReference; explicitFileType = wrapper.framework; includeInIndex = 0; path = Pods_elecCarChareInfo.framework; sourceTree = BUILT_PRODUCTS_DIR; };
		F522B78828A8D4E000054965 /* MapKit.framework */ = {isa = PBXFileReference; lastKnownFileType = wrapper.framework; name = MapKit.framework; path = System/Library/Frameworks/MapKit.framework; sourceTree = SDKROOT; };
		F522B78A28A8E0E100054965 /* ChargeStnAnnotationView.swift */ = {isa = PBXFileReference; lastKnownFileType = sourcecode.swift; path = ChargeStnAnnotationView.swift; sourceTree = "<group>"; };
		F522B78D28A9388D00054965 /* ChargeAnnotation.swift */ = {isa = PBXFileReference; lastKnownFileType = sourcecode.swift; path = ChargeAnnotation.swift; sourceTree = "<group>"; };
		F522B79028A93AEB00054965 /* ChargeAnnotationView.swift */ = {isa = PBXFileReference; lastKnownFileType = sourcecode.swift; path = ChargeAnnotationView.swift; sourceTree = "<group>"; };
		F56BA8B628A4DA2300515185 /* elecCarChareInfo.app */ = {isa = PBXFileReference; explicitFileType = wrapper.application; includeInIndex = 0; path = elecCarChareInfo.app; sourceTree = BUILT_PRODUCTS_DIR; };
		F56BA8B928A4DA2300515185 /* AppDelegate.swift */ = {isa = PBXFileReference; lastKnownFileType = sourcecode.swift; path = AppDelegate.swift; sourceTree = "<group>"; };
		F56BA8BB28A4DA2300515185 /* SceneDelegate.swift */ = {isa = PBXFileReference; lastKnownFileType = sourcecode.swift; path = SceneDelegate.swift; sourceTree = "<group>"; };
		F56BA8C028A4DA2300515185 /* Base */ = {isa = PBXFileReference; lastKnownFileType = file.storyboard; name = Base; path = Base.lproj/Main.storyboard; sourceTree = "<group>"; };
		F56BA8C228A4DA2300515185 /* Assets.xcassets */ = {isa = PBXFileReference; lastKnownFileType = folder.assetcatalog; path = Assets.xcassets; sourceTree = "<group>"; };
		F56BA8C528A4DA2300515185 /* Base */ = {isa = PBXFileReference; lastKnownFileType = file.storyboard; name = Base; path = Base.lproj/LaunchScreen.storyboard; sourceTree = "<group>"; };
		F56BA8C728A4DA2300515185 /* Info.plist */ = {isa = PBXFileReference; lastKnownFileType = text.plist.xml; path = Info.plist; sourceTree = "<group>"; };
		F56BA8D028A4EB5A00515185 /* ChargeStationViewController.swift */ = {isa = PBXFileReference; lastKnownFileType = sourcecode.swift; path = ChargeStationViewController.swift; sourceTree = "<group>"; };
		F56BA8D328A4EC2600515185 /* ChargeStationModel.swift */ = {isa = PBXFileReference; lastKnownFileType = sourcecode.swift; path = ChargeStationModel.swift; sourceTree = "<group>"; };
		F56BA8D528A4ED7100515185 /* GoogleService-Info-2.plist */ = {isa = PBXFileReference; fileEncoding = 4; lastKnownFileType = text.plist.xml; path = "GoogleService-Info-2.plist"; sourceTree = "<group>"; };
		F56BA8D928A5E78200515185 /* OptionsCollectionViewCell.swift */ = {isa = PBXFileReference; lastKnownFileType = sourcecode.swift; path = OptionsCollectionViewCell.swift; sourceTree = "<group>"; };
		F56BA8E128A5ED5A00515185 /* User.swift */ = {isa = PBXFileReference; lastKnownFileType = sourcecode.swift; path = User.swift; sourceTree = "<group>"; };
		F5BD06CC28AC7C64001DF85F /* ShowRouteViewController.swift */ = {isa = PBXFileReference; lastKnownFileType = sourcecode.swift; path = ShowRouteViewController.swift; sourceTree = "<group>"; };
		F5BD06CE28AC863F001DF85F /* ChargeStnInfoViewController.swift */ = {isa = PBXFileReference; lastKnownFileType = sourcecode.swift; path = ChargeStnInfoViewController.swift; sourceTree = "<group>"; };
		F5BD06D028AC8F4F001DF85F /* FilterTableViewController.swift */ = {isa = PBXFileReference; lastKnownFileType = sourcecode.swift; path = FilterTableViewController.swift; sourceTree = "<group>"; };
		F5C4186028AA04E500BFBD96 /* UIButton+Extension.swift */ = {isa = PBXFileReference; lastKnownFileType = sourcecode.swift; path = "UIButton+Extension.swift"; sourceTree = "<group>"; };
		F5C4186228AA088600BFBD96 /* UIViewController+Alert.swift */ = {isa = PBXFileReference; lastKnownFileType = sourcecode.swift; path = "UIViewController+Alert.swift"; sourceTree = "<group>"; };
		F5C4186428AA273700BFBD96 /* ChargeTypeTableViewCell.swift */ = {isa = PBXFileReference; lastKnownFileType = sourcecode.swift; path = ChargeTypeTableViewCell.swift; sourceTree = "<group>"; };
		F5C4186628AA276300BFBD96 /* CarTypeTableViewCell.swift */ = {isa = PBXFileReference; lastKnownFileType = sourcecode.swift; path = CarTypeTableViewCell.swift; sourceTree = "<group>"; };
		FE6121C9F51CC113D67E685B /* Pods-elecCarChareInfo.release.xcconfig */ = {isa = PBXFileReference; includeInIndex = 1; lastKnownFileType = text.xcconfig; name = "Pods-elecCarChareInfo.release.xcconfig"; path = "Target Support Files/Pods-elecCarChareInfo/Pods-elecCarChareInfo.release.xcconfig"; sourceTree = "<group>"; };
/* End PBXFileReference section */

/* Begin PBXFrameworksBuildPhase section */
		F56BA8B328A4DA2300515185 /* Frameworks */ = {
			isa = PBXFrameworksBuildPhase;
			buildActionMask = 2147483647;
			files = (
				F522B78928A8D4E000054965 /* MapKit.framework in Frameworks */,
				90D0F257B74FFD4CCC58D263 /* Pods_elecCarChareInfo.framework in Frameworks */,
			);
			runOnlyForDeploymentPostprocessing = 0;
		};
/* End PBXFrameworksBuildPhase section */

/* Begin PBXGroup section */
		61679DC61A98BD5889D6F3CE /* Pods */ = {
			isa = PBXGroup;
			children = (
				7F3569E76FCF2F149DD2F343 /* Pods-elecCarChareInfo.debug.xcconfig */,
				FE6121C9F51CC113D67E685B /* Pods-elecCarChareInfo.release.xcconfig */,
			);
			path = Pods;
			sourceTree = "<group>";
		};
		737169940BD15031F98D6E69 /* Frameworks */ = {
			isa = PBXGroup;
			children = (
				F522B78828A8D4E000054965 /* MapKit.framework */,
				82B10FF017DD9C1C2204F5B5 /* Pods_elecCarChareInfo.framework */,
			);
			name = Frameworks;
			sourceTree = "<group>";
		};
		F522B78C28A9386B00054965 /* Annotation */ = {
			isa = PBXGroup;
			children = (
				F522B78D28A9388D00054965 /* ChargeAnnotation.swift */,
				F522B78F28A93AD600054965 /* CustomAnnotationView */,
			);
			path = Annotation;
			sourceTree = "<group>";
		};
		F522B78F28A93AD600054965 /* CustomAnnotationView */ = {
			isa = PBXGroup;
			children = (
				F522B79028A93AEB00054965 /* ChargeAnnotationView.swift */,
			);
			path = CustomAnnotationView;
			sourceTree = "<group>";
		};
		F56BA8AD28A4DA2300515185 = {
			isa = PBXGroup;
			children = (
				F56BA8B828A4DA2300515185 /* elecCarChareInfo */,
				F56BA8B728A4DA2300515185 /* Products */,
				61679DC61A98BD5889D6F3CE /* Pods */,
				737169940BD15031F98D6E69 /* Frameworks */,
			);
			sourceTree = "<group>";
		};
		F56BA8B728A4DA2300515185 /* Products */ = {
			isa = PBXGroup;
			children = (
				F56BA8B628A4DA2300515185 /* elecCarChareInfo.app */,
			);
			name = Products;
			sourceTree = "<group>";
		};
		F56BA8B828A4DA2300515185 /* elecCarChareInfo */ = {
			isa = PBXGroup;
			children = (
				F5C4185F28AA04CF00BFBD96 /* Extensions */,
				F522B78C28A9386B00054965 /* Annotation */,
				F56BA8D228A4EC1B00515185 /* Model */,
				F56BA8CF28A4EB4500515185 /* ViewControllers */,
				F56BA8D828A5E73500515185 /* Cells */,
				F56BA8B928A4DA2300515185 /* AppDelegate.swift */,
				F56BA8BB28A4DA2300515185 /* SceneDelegate.swift */,
				F56BA8BF28A4DA2300515185 /* Main.storyboard */,
				F56BA8C428A4DA2300515185 /* LaunchScreen.storyboard */,
				F56BA8C228A4DA2300515185 /* Assets.xcassets */,
				F56BA8C728A4DA2300515185 /* Info.plist */,
				F56BA8D528A4ED7100515185 /* GoogleService-Info-2.plist */,
			);
			path = elecCarChareInfo;
			sourceTree = "<group>";
		};
		F56BA8CF28A4EB4500515185 /* ViewControllers */ = {
			isa = PBXGroup;
			children = (
				F56BA8D028A4EB5A00515185 /* ChargeStationViewController.swift */,
				F5BD06CE28AC863F001DF85F /* ChargeStnInfoViewController.swift */,
				F5BD06D028AC8F4F001DF85F /* FilterTableViewController.swift */,
				F5BD06CC28AC7C64001DF85F /* ShowRouteViewController.swift */,
			);
			path = ViewControllers;
			sourceTree = "<group>";
		};
		F56BA8D228A4EC1B00515185 /* Model */ = {
			isa = PBXGroup;
			children = (
				F56BA8D328A4EC2600515185 /* ChargeStationModel.swift */,
				F56BA8E128A5ED5A00515185 /* User.swift */,
				F522B78A28A8E0E100054965 /* ChargeStnAnnotationView.swift */,
			);
			path = Model;
			sourceTree = "<group>";
		};
		F56BA8D828A5E73500515185 /* Cells */ = {
			isa = PBXGroup;
			children = (
				F56BA8D928A5E78200515185 /* OptionsCollectionViewCell.swift */,
				F5C4186428AA273700BFBD96 /* ChargeTypeTableViewCell.swift */,
				F5C4186628AA276300BFBD96 /* CarTypeTableViewCell.swift */,
			);
			path = Cells;
			sourceTree = "<group>";
		};
		F5C4185F28AA04CF00BFBD96 /* Extensions */ = {
			isa = PBXGroup;
			children = (
				F5C4186228AA088600BFBD96 /* UIViewController+Alert.swift */,
				F5C4186028AA04E500BFBD96 /* UIButton+Extension.swift */,
			);
			path = Extensions;
			sourceTree = "<group>";
		};
/* End PBXGroup section */

/* Begin PBXNativeTarget section */
		F56BA8B528A4DA2300515185 /* elecCarChareInfo */ = {
			isa = PBXNativeTarget;
			buildConfigurationList = F56BA8CA28A4DA2300515185 /* Build configuration list for PBXNativeTarget "elecCarChareInfo" */;
			buildPhases = (
				57808BE7F138FA61C698602A /* [CP] Check Pods Manifest.lock */,
				F56BA8B228A4DA2300515185 /* Sources */,
				F56BA8B328A4DA2300515185 /* Frameworks */,
				F56BA8B428A4DA2300515185 /* Resources */,
				8933E047F6BAAFD70041316D /* [CP] Embed Pods Frameworks */,
			);
			buildRules = (
			);
			dependencies = (
			);
			name = elecCarChareInfo;
			productName = elecCarChareInfo;
			productReference = F56BA8B628A4DA2300515185 /* elecCarChareInfo.app */;
			productType = "com.apple.product-type.application";
		};
/* End PBXNativeTarget section */

/* Begin PBXProject section */
		F56BA8AE28A4DA2300515185 /* Project object */ = {
			isa = PBXProject;
			attributes = {
				BuildIndependentTargetsInParallel = 1;
				LastSwiftUpdateCheck = 1340;
				LastUpgradeCheck = 1340;
				TargetAttributes = {
					F56BA8B528A4DA2300515185 = {
						CreatedOnToolsVersion = 13.4.1;
					};
				};
			};
			buildConfigurationList = F56BA8B128A4DA2300515185 /* Build configuration list for PBXProject "elecCarChareInfo" */;
			compatibilityVersion = "Xcode 13.0";
			developmentRegion = en;
			hasScannedForEncodings = 0;
			knownRegions = (
				en,
				Base,
			);
			mainGroup = F56BA8AD28A4DA2300515185;
			productRefGroup = F56BA8B728A4DA2300515185 /* Products */;
			projectDirPath = "";
			projectRoot = "";
			targets = (
				F56BA8B528A4DA2300515185 /* elecCarChareInfo */,
			);
		};
/* End PBXProject section */

/* Begin PBXResourcesBuildPhase section */
		F56BA8B428A4DA2300515185 /* Resources */ = {
			isa = PBXResourcesBuildPhase;
			buildActionMask = 2147483647;
			files = (
				F56BA8C628A4DA2300515185 /* LaunchScreen.storyboard in Resources */,
				F56BA8C328A4DA2300515185 /* Assets.xcassets in Resources */,
				F56BA8D628A4ED7100515185 /* GoogleService-Info-2.plist in Resources */,
				F56BA8C128A4DA2300515185 /* Main.storyboard in Resources */,
			);
			runOnlyForDeploymentPostprocessing = 0;
		};
/* End PBXResourcesBuildPhase section */

/* Begin PBXShellScriptBuildPhase section */
		57808BE7F138FA61C698602A /* [CP] Check Pods Manifest.lock */ = {
			isa = PBXShellScriptBuildPhase;
			buildActionMask = 2147483647;
			files = (
			);
			inputFileListPaths = (
			);
			inputPaths = (
				"${PODS_PODFILE_DIR_PATH}/Podfile.lock",
				"${PODS_ROOT}/Manifest.lock",
			);
			name = "[CP] Check Pods Manifest.lock";
			outputFileListPaths = (
			);
			outputPaths = (
				"$(DERIVED_FILE_DIR)/Pods-elecCarChareInfo-checkManifestLockResult.txt",
			);
			runOnlyForDeploymentPostprocessing = 0;
			shellPath = /bin/sh;
			shellScript = "diff \"${PODS_PODFILE_DIR_PATH}/Podfile.lock\" \"${PODS_ROOT}/Manifest.lock\" > /dev/null\nif [ $? != 0 ] ; then\n    # print error to STDERR\n    echo \"error: The sandbox is not in sync with the Podfile.lock. Run 'pod install' or update your CocoaPods installation.\" >&2\n    exit 1\nfi\n# This output is used by Xcode 'outputs' to avoid re-running this script phase.\necho \"SUCCESS\" > \"${SCRIPT_OUTPUT_FILE_0}\"\n";
			showEnvVarsInLog = 0;
		};
		8933E047F6BAAFD70041316D /* [CP] Embed Pods Frameworks */ = {
			isa = PBXShellScriptBuildPhase;
			buildActionMask = 2147483647;
			files = (
			);
			inputFileListPaths = (
				"${PODS_ROOT}/Target Support Files/Pods-elecCarChareInfo/Pods-elecCarChareInfo-frameworks-${CONFIGURATION}-input-files.xcfilelist",
			);
			name = "[CP] Embed Pods Frameworks";
			outputFileListPaths = (
				"${PODS_ROOT}/Target Support Files/Pods-elecCarChareInfo/Pods-elecCarChareInfo-frameworks-${CONFIGURATION}-output-files.xcfilelist",
			);
			runOnlyForDeploymentPostprocessing = 0;
			shellPath = /bin/sh;
			shellScript = "\"${PODS_ROOT}/Target Support Files/Pods-elecCarChareInfo/Pods-elecCarChareInfo-frameworks.sh\"\n";
			showEnvVarsInLog = 0;
		};
/* End PBXShellScriptBuildPhase section */

/* Begin PBXSourcesBuildPhase section */
		F56BA8B228A4DA2300515185 /* Sources */ = {
			isa = PBXSourcesBuildPhase;
			buildActionMask = 2147483647;
			files = (
				F5C4186728AA276300BFBD96 /* CarTypeTableViewCell.swift in Sources */,
				F5BD06D128AC8F4F001DF85F /* FilterTableViewController.swift in Sources */,
				F522B78E28A9388D00054965 /* ChargeAnnotation.swift in Sources */,
				F5C4186128AA04E500BFBD96 /* UIButton+Extension.swift in Sources */,
				F56BA8D428A4EC2600515185 /* ChargeStationModel.swift in Sources */,
				F5BD06CF28AC863F001DF85F /* ChargeStnInfoViewController.swift in Sources */,
				F56BA8DA28A5E78200515185 /* OptionsCollectionViewCell.swift in Sources */,
				F522B79128A93AEB00054965 /* ChargeAnnotationView.swift in Sources */,
				F56BA8BA28A4DA2300515185 /* AppDelegate.swift in Sources */,
				F56BA8BC28A4DA2300515185 /* SceneDelegate.swift in Sources */,
				F5C4186528AA273700BFBD96 /* ChargeTypeTableViewCell.swift in Sources */,
				F56BA8D128A4EB5A00515185 /* ChargeStationViewController.swift in Sources */,
				F522B78B28A8E0E100054965 /* ChargeStnAnnotationView.swift in Sources */,
				F5BD06CD28AC7C64001DF85F /* ShowRouteViewController.swift in Sources */,
				F56BA8E228A5ED5A00515185 /* User.swift in Sources */,
				F5C4186328AA088600BFBD96 /* UIViewController+Alert.swift in Sources */,
			);
			runOnlyForDeploymentPostprocessing = 0;
		};
/* End PBXSourcesBuildPhase section */

/* Begin PBXVariantGroup section */
		F56BA8BF28A4DA2300515185 /* Main.storyboard */ = {
			isa = PBXVariantGroup;
			children = (
				F56BA8C028A4DA2300515185 /* Base */,
			);
			name = Main.storyboard;
			sourceTree = "<group>";
		};
		F56BA8C428A4DA2300515185 /* LaunchScreen.storyboard */ = {
			isa = PBXVariantGroup;
			children = (
				F56BA8C528A4DA2300515185 /* Base */,
			);
			name = LaunchScreen.storyboard;
			sourceTree = "<group>";
		};
/* End PBXVariantGroup section */

/* Begin XCBuildConfiguration section */
		F56BA8C828A4DA2300515185 /* Debug */ = {
			isa = XCBuildConfiguration;
			buildSettings = {
				ALWAYS_SEARCH_USER_PATHS = NO;
				CLANG_ANALYZER_NONNULL = YES;
				CLANG_ANALYZER_NUMBER_OBJECT_CONVERSION = YES_AGGRESSIVE;
				CLANG_CXX_LANGUAGE_STANDARD = "gnu++17";
				CLANG_ENABLE_MODULES = YES;
				CLANG_ENABLE_OBJC_ARC = YES;
				CLANG_ENABLE_OBJC_WEAK = YES;
				CLANG_WARN_BLOCK_CAPTURE_AUTORELEASING = YES;
				CLANG_WARN_BOOL_CONVERSION = YES;
				CLANG_WARN_COMMA = YES;
				CLANG_WARN_CONSTANT_CONVERSION = YES;
				CLANG_WARN_DEPRECATED_OBJC_IMPLEMENTATIONS = YES;
				CLANG_WARN_DIRECT_OBJC_ISA_USAGE = YES_ERROR;
				CLANG_WARN_DOCUMENTATION_COMMENTS = YES;
				CLANG_WARN_EMPTY_BODY = YES;
				CLANG_WARN_ENUM_CONVERSION = YES;
				CLANG_WARN_INFINITE_RECURSION = YES;
				CLANG_WARN_INT_CONVERSION = YES;
				CLANG_WARN_NON_LITERAL_NULL_CONVERSION = YES;
				CLANG_WARN_OBJC_IMPLICIT_RETAIN_SELF = YES;
				CLANG_WARN_OBJC_LITERAL_CONVERSION = YES;
				CLANG_WARN_OBJC_ROOT_CLASS = YES_ERROR;
				CLANG_WARN_QUOTED_INCLUDE_IN_FRAMEWORK_HEADER = YES;
				CLANG_WARN_RANGE_LOOP_ANALYSIS = YES;
				CLANG_WARN_STRICT_PROTOTYPES = YES;
				CLANG_WARN_SUSPICIOUS_MOVE = YES;
				CLANG_WARN_UNGUARDED_AVAILABILITY = YES_AGGRESSIVE;
				CLANG_WARN_UNREACHABLE_CODE = YES;
				CLANG_WARN__DUPLICATE_METHOD_MATCH = YES;
				COPY_PHASE_STRIP = NO;
				DEBUG_INFORMATION_FORMAT = dwarf;
				ENABLE_STRICT_OBJC_MSGSEND = YES;
				ENABLE_TESTABILITY = YES;
				GCC_C_LANGUAGE_STANDARD = gnu11;
				GCC_DYNAMIC_NO_PIC = NO;
				GCC_NO_COMMON_BLOCKS = YES;
				GCC_OPTIMIZATION_LEVEL = 0;
				GCC_PREPROCESSOR_DEFINITIONS = (
					"DEBUG=1",
					"$(inherited)",
				);
				GCC_WARN_64_TO_32_BIT_CONVERSION = YES;
				GCC_WARN_ABOUT_RETURN_TYPE = YES_ERROR;
				GCC_WARN_UNDECLARED_SELECTOR = YES;
				GCC_WARN_UNINITIALIZED_AUTOS = YES_AGGRESSIVE;
				GCC_WARN_UNUSED_FUNCTION = YES;
				GCC_WARN_UNUSED_VARIABLE = YES;
				IPHONEOS_DEPLOYMENT_TARGET = 15.5;
				MTL_ENABLE_DEBUG_INFO = INCLUDE_SOURCE;
				MTL_FAST_MATH = YES;
				ONLY_ACTIVE_ARCH = YES;
				SDKROOT = iphoneos;
				SWIFT_ACTIVE_COMPILATION_CONDITIONS = DEBUG;
				SWIFT_OPTIMIZATION_LEVEL = "-Onone";
			};
			name = Debug;
		};
		F56BA8C928A4DA2300515185 /* Release */ = {
			isa = XCBuildConfiguration;
			buildSettings = {
				ALWAYS_SEARCH_USER_PATHS = NO;
				CLANG_ANALYZER_NONNULL = YES;
				CLANG_ANALYZER_NUMBER_OBJECT_CONVERSION = YES_AGGRESSIVE;
				CLANG_CXX_LANGUAGE_STANDARD = "gnu++17";
				CLANG_ENABLE_MODULES = YES;
				CLANG_ENABLE_OBJC_ARC = YES;
				CLANG_ENABLE_OBJC_WEAK = YES;
				CLANG_WARN_BLOCK_CAPTURE_AUTORELEASING = YES;
				CLANG_WARN_BOOL_CONVERSION = YES;
				CLANG_WARN_COMMA = YES;
				CLANG_WARN_CONSTANT_CONVERSION = YES;
				CLANG_WARN_DEPRECATED_OBJC_IMPLEMENTATIONS = YES;
				CLANG_WARN_DIRECT_OBJC_ISA_USAGE = YES_ERROR;
				CLANG_WARN_DOCUMENTATION_COMMENTS = YES;
				CLANG_WARN_EMPTY_BODY = YES;
				CLANG_WARN_ENUM_CONVERSION = YES;
				CLANG_WARN_INFINITE_RECURSION = YES;
				CLANG_WARN_INT_CONVERSION = YES;
				CLANG_WARN_NON_LITERAL_NULL_CONVERSION = YES;
				CLANG_WARN_OBJC_IMPLICIT_RETAIN_SELF = YES;
				CLANG_WARN_OBJC_LITERAL_CONVERSION = YES;
				CLANG_WARN_OBJC_ROOT_CLASS = YES_ERROR;
				CLANG_WARN_QUOTED_INCLUDE_IN_FRAMEWORK_HEADER = YES;
				CLANG_WARN_RANGE_LOOP_ANALYSIS = YES;
				CLANG_WARN_STRICT_PROTOTYPES = YES;
				CLANG_WARN_SUSPICIOUS_MOVE = YES;
				CLANG_WARN_UNGUARDED_AVAILABILITY = YES_AGGRESSIVE;
				CLANG_WARN_UNREACHABLE_CODE = YES;
				CLANG_WARN__DUPLICATE_METHOD_MATCH = YES;
				COPY_PHASE_STRIP = NO;
				DEBUG_INFORMATION_FORMAT = "dwarf-with-dsym";
				ENABLE_NS_ASSERTIONS = NO;
				ENABLE_STRICT_OBJC_MSGSEND = YES;
				GCC_C_LANGUAGE_STANDARD = gnu11;
				GCC_NO_COMMON_BLOCKS = YES;
				GCC_WARN_64_TO_32_BIT_CONVERSION = YES;
				GCC_WARN_ABOUT_RETURN_TYPE = YES_ERROR;
				GCC_WARN_UNDECLARED_SELECTOR = YES;
				GCC_WARN_UNINITIALIZED_AUTOS = YES_AGGRESSIVE;
				GCC_WARN_UNUSED_FUNCTION = YES;
				GCC_WARN_UNUSED_VARIABLE = YES;
				IPHONEOS_DEPLOYMENT_TARGET = 15.5;
				MTL_ENABLE_DEBUG_INFO = NO;
				MTL_FAST_MATH = YES;
				SDKROOT = iphoneos;
				SWIFT_COMPILATION_MODE = wholemodule;
				SWIFT_OPTIMIZATION_LEVEL = "-O";
				VALIDATE_PRODUCT = YES;
			};
			name = Release;
		};
		F56BA8CB28A4DA2300515185 /* Debug */ = {
			isa = XCBuildConfiguration;
			baseConfigurationReference = 7F3569E76FCF2F149DD2F343 /* Pods-elecCarChareInfo.debug.xcconfig */;
			buildSettings = {
				ASSETCATALOG_COMPILER_APPICON_NAME = AppIcon;
				ASSETCATALOG_COMPILER_GLOBAL_ACCENT_COLOR_NAME = AccentColor;
				CODE_SIGN_STYLE = Automatic;
				CURRENT_PROJECT_VERSION = 1;
				DEVELOPMENT_TEAM = 8D25AB624P;
				GENERATE_INFOPLIST_FILE = YES;
				INFOPLIST_FILE = elecCarChareInfo/Info.plist;
				INFOPLIST_KEY_NSLocationWhenInUseUsageDescription = "\"elecCarChargeInfo\" will access user's location information.";
				INFOPLIST_KEY_UIApplicationSupportsIndirectInputEvents = YES;
				INFOPLIST_KEY_UILaunchStoryboardName = LaunchScreen;
				INFOPLIST_KEY_UIMainStoryboardFile = Main;
				INFOPLIST_KEY_UISupportedInterfaceOrientations_iPad = "UIInterfaceOrientationPortrait UIInterfaceOrientationPortraitUpsideDown UIInterfaceOrientationLandscapeLeft UIInterfaceOrientationLandscapeRight";
				INFOPLIST_KEY_UISupportedInterfaceOrientations_iPhone = "UIInterfaceOrientationPortrait UIInterfaceOrientationLandscapeLeft UIInterfaceOrientationLandscapeRight";
				IPHONEOS_DEPLOYMENT_TARGET = 14.0;
				LD_RUNPATH_SEARCH_PATHS = (
					"$(inherited)",
					"@executable_path/Frameworks",
				);
				MARKETING_VERSION = 1.0;
				PRODUCT_BUNDLE_IDENTIFIER = com.chris.elecCarChareInfo;
				PRODUCT_NAME = "$(TARGET_NAME)";
				SWIFT_EMIT_LOC_STRINGS = YES;
				SWIFT_VERSION = 5.0;
				TARGETED_DEVICE_FAMILY = "1,2";
			};
			name = Debug;
		};
		F56BA8CC28A4DA2300515185 /* Release */ = {
			isa = XCBuildConfiguration;
			baseConfigurationReference = FE6121C9F51CC113D67E685B /* Pods-elecCarChareInfo.release.xcconfig */;
			buildSettings = {
				ASSETCATALOG_COMPILER_APPICON_NAME = AppIcon;
				ASSETCATALOG_COMPILER_GLOBAL_ACCENT_COLOR_NAME = AccentColor;
				CODE_SIGN_STYLE = Automatic;
				CURRENT_PROJECT_VERSION = 1;
				DEVELOPMENT_TEAM = 8D25AB624P;
				GENERATE_INFOPLIST_FILE = YES;
				INFOPLIST_FILE = elecCarChareInfo/Info.plist;
				INFOPLIST_KEY_NSLocationWhenInUseUsageDescription = "\"elecCarChargeInfo\" will access user's location information.";
				INFOPLIST_KEY_UIApplicationSupportsIndirectInputEvents = YES;
				INFOPLIST_KEY_UILaunchStoryboardName = LaunchScreen;
				INFOPLIST_KEY_UIMainStoryboardFile = Main;
				INFOPLIST_KEY_UISupportedInterfaceOrientations_iPad = "UIInterfaceOrientationPortrait UIInterfaceOrientationPortraitUpsideDown UIInterfaceOrientationLandscapeLeft UIInterfaceOrientationLandscapeRight";
				INFOPLIST_KEY_UISupportedInterfaceOrientations_iPhone = "UIInterfaceOrientationPortrait UIInterfaceOrientationLandscapeLeft UIInterfaceOrientationLandscapeRight";
				IPHONEOS_DEPLOYMENT_TARGET = 14.0;
				LD_RUNPATH_SEARCH_PATHS = (
					"$(inherited)",
					"@executable_path/Frameworks",
				);
				MARKETING_VERSION = 1.0;
				PRODUCT_BUNDLE_IDENTIFIER = com.chris.elecCarChareInfo;
				PRODUCT_NAME = "$(TARGET_NAME)";
				SWIFT_EMIT_LOC_STRINGS = YES;
				SWIFT_VERSION = 5.0;
				TARGETED_DEVICE_FAMILY = "1,2";
			};
			name = Release;
		};
/* End XCBuildConfiguration section */

/* Begin XCConfigurationList section */
		F56BA8B128A4DA2300515185 /* Build configuration list for PBXProject "elecCarChareInfo" */ = {
			isa = XCConfigurationList;
			buildConfigurations = (
				F56BA8C828A4DA2300515185 /* Debug */,
				F56BA8C928A4DA2300515185 /* Release */,
			);
			defaultConfigurationIsVisible = 0;
			defaultConfigurationName = Release;
		};
		F56BA8CA28A4DA2300515185 /* Build configuration list for PBXNativeTarget "elecCarChareInfo" */ = {
			isa = XCConfigurationList;
			buildConfigurations = (
				F56BA8CB28A4DA2300515185 /* Debug */,
				F56BA8CC28A4DA2300515185 /* Release */,
			);
			defaultConfigurationIsVisible = 0;
			defaultConfigurationName = Release;
		};
/* End XCConfigurationList section */
	};
	rootObject = F56BA8AE28A4DA2300515185 /* Project object */;
}
